// !$*UTF8*$!
{
	archiveVersion = 1;
	classes = {
	};
	objectVersion = 50;
	objects = {

/* Begin PBXBuildFile section */
		AD377D0D24F33E6300D0B860 /* ImageViewController2.swift in Sources */ = {isa = PBXBuildFile; fileRef = AD377D0C24F33E6300D0B860 /* ImageViewController2.swift */; };
		AD377D0F24F346DA00D0B860 /* ImageDocument.swift in Sources */ = {isa = PBXBuildFile; fileRef = AD377D0E24F346DA00D0B860 /* ImageDocument.swift */; };
		AD377D1124F465A700D0B860 /* BlankScreenViewController.swift in Sources */ = {isa = PBXBuildFile; fileRef = AD377D1024F465A700D0B860 /* BlankScreenViewController.swift */; };
		AD377D1324F47D3000D0B860 /* HelpViewController.swift in Sources */ = {isa = PBXBuildFile; fileRef = AD377D1224F47D3000D0B860 /* HelpViewController.swift */; };
		AD377D1524F5CAA300D0B860 /* SecurityOptionsViewController.swift in Sources */ = {isa = PBXBuildFile; fileRef = AD377D1424F5CAA300D0B860 /* SecurityOptionsViewController.swift */; };
		AD5C24C624F706F700478629 /* EnterPasswordViewController.swift in Sources */ = {isa = PBXBuildFile; fileRef = AD5C24C524F706F700478629 /* EnterPasswordViewController.swift */; };
		AD91B72824F9BB98002449E6 /* RandomImageGalleryCollectionViewController.swift in Sources */ = {isa = PBXBuildFile; fileRef = AD91B72724F9BB98002449E6 /* RandomImageGalleryCollectionViewController.swift */; };
		AD99A10F217BD6ED00A288B4 /* AppDelegate.swift in Sources */ = {isa = PBXBuildFile; fileRef = AD99A10E217BD6ED00A288B4 /* AppDelegate.swift */; };
		AD99A111217BD6ED00A288B4 /* DocumentBrowserViewController.swift in Sources */ = {isa = PBXBuildFile; fileRef = AD99A110217BD6ED00A288B4 /* DocumentBrowserViewController.swift */; };
		AD99A115217BD6ED00A288B4 /* ImageGalleryDocument.swift in Sources */ = {isa = PBXBuildFile; fileRef = AD99A114217BD6ED00A288B4 /* ImageGalleryDocument.swift */; };
		AD99A118217BD6ED00A288B4 /* Main.storyboard in Resources */ = {isa = PBXBuildFile; fileRef = AD99A116217BD6ED00A288B4 /* Main.storyboard */; };
		AD99A11A217BD6F000A288B4 /* Assets.xcassets in Resources */ = {isa = PBXBuildFile; fileRef = AD99A119217BD6F000A288B4 /* Assets.xcassets */; };
		AD99A11D217BD6F000A288B4 /* LaunchScreen.storyboard in Resources */ = {isa = PBXBuildFile; fileRef = AD99A11B217BD6F000A288B4 /* LaunchScreen.storyboard */; };
		AD99A126217BDB3A00A288B4 /* ImageViewController.swift in Sources */ = {isa = PBXBuildFile; fileRef = AD99A125217BDB3A00A288B4 /* ImageViewController.swift */; };
		AD99A128217BDB7D00A288B4 /* ImageGalleryModel.swift in Sources */ = {isa = PBXBuildFile; fileRef = AD99A127217BDB7D00A288B4 /* ImageGalleryModel.swift */; };
		AD99A12A217BDB8600A288B4 /* ImageGalleryCollectionViewController.swift in Sources */ = {isa = PBXBuildFile; fileRef = AD99A129217BDB8600A288B4 /* ImageGalleryCollectionViewController.swift */; };
		AD99A12C217BDB9000A288B4 /* ImageGalleryCollectionViewCell.swift in Sources */ = {isa = PBXBuildFile; fileRef = AD99A12B217BDB9000A288B4 /* ImageGalleryCollectionViewCell.swift */; };
		AD99A12E217BDB9900A288B4 /* Utilities.swift in Sources */ = {isa = PBXBuildFile; fileRef = AD99A12D217BDB9900A288B4 /* Utilities.swift */; };
/* End PBXBuildFile section */

/* Begin PBXFileReference section */
		AD377D0C24F33E6300D0B860 /* ImageViewController2.swift */ = {isa = PBXFileReference; lastKnownFileType = sourcecode.swift; path = ImageViewController2.swift; sourceTree = "<group>"; };
		AD377D0E24F346DA00D0B860 /* ImageDocument.swift */ = {isa = PBXFileReference; lastKnownFileType = sourcecode.swift; path = ImageDocument.swift; sourceTree = "<group>"; };
		AD377D1024F465A700D0B860 /* BlankScreenViewController.swift */ = {isa = PBXFileReference; lastKnownFileType = sourcecode.swift; path = BlankScreenViewController.swift; sourceTree = "<group>"; };
		AD377D1224F47D3000D0B860 /* HelpViewController.swift */ = {isa = PBXFileReference; lastKnownFileType = sourcecode.swift; path = HelpViewController.swift; sourceTree = "<group>"; };
		AD377D1424F5CAA300D0B860 /* SecurityOptionsViewController.swift */ = {isa = PBXFileReference; lastKnownFileType = sourcecode.swift; path = SecurityOptionsViewController.swift; sourceTree = "<group>"; };
		AD5C24C524F706F700478629 /* EnterPasswordViewController.swift */ = {isa = PBXFileReference; lastKnownFileType = sourcecode.swift; path = EnterPasswordViewController.swift; sourceTree = "<group>"; };
		AD91B72724F9BB98002449E6 /* RandomImageGalleryCollectionViewController.swift */ = {isa = PBXFileReference; lastKnownFileType = sourcecode.swift; path = RandomImageGalleryCollectionViewController.swift; sourceTree = "<group>"; };
		AD99A10B217BD6ED00A288B4 /* Image Keeper.app */ = {isa = PBXFileReference; explicitFileType = wrapper.application; includeInIndex = 0; path = "Image Keeper.app"; sourceTree = BUILT_PRODUCTS_DIR; };
		AD99A10E217BD6ED00A288B4 /* AppDelegate.swift */ = {isa = PBXFileReference; lastKnownFileType = sourcecode.swift; path = AppDelegate.swift; sourceTree = "<group>"; };
		AD99A110217BD6ED00A288B4 /* DocumentBrowserViewController.swift */ = {isa = PBXFileReference; lastKnownFileType = sourcecode.swift; path = DocumentBrowserViewController.swift; sourceTree = "<group>"; };
		AD99A114217BD6ED00A288B4 /* ImageGalleryDocument.swift */ = {isa = PBXFileReference; lastKnownFileType = sourcecode.swift; path = ImageGalleryDocument.swift; sourceTree = "<group>"; };
		AD99A117217BD6ED00A288B4 /* Base */ = {isa = PBXFileReference; lastKnownFileType = file.storyboard; name = Base; path = Base.lproj/Main.storyboard; sourceTree = "<group>"; };
		AD99A119217BD6F000A288B4 /* Assets.xcassets */ = {isa = PBXFileReference; lastKnownFileType = folder.assetcatalog; path = Assets.xcassets; sourceTree = "<group>"; };
		AD99A11C217BD6F000A288B4 /* Base */ = {isa = PBXFileReference; lastKnownFileType = file.storyboard; name = Base; path = Base.lproj/LaunchScreen.storyboard; sourceTree = "<group>"; };
		AD99A11E217BD6F000A288B4 /* Info.plist */ = {isa = PBXFileReference; lastKnownFileType = text.plist.xml; path = Info.plist; sourceTree = "<group>"; };
		AD99A125217BDB3A00A288B4 /* ImageViewController.swift */ = {isa = PBXFileReference; fileEncoding = 4; lastKnownFileType = sourcecode.swift; path = ImageViewController.swift; sourceTree = "<group>"; };
		AD99A127217BDB7D00A288B4 /* ImageGalleryModel.swift */ = {isa = PBXFileReference; fileEncoding = 4; lastKnownFileType = sourcecode.swift; path = ImageGalleryModel.swift; sourceTree = "<group>"; };
		AD99A129217BDB8600A288B4 /* ImageGalleryCollectionViewController.swift */ = {isa = PBXFileReference; fileEncoding = 4; lastKnownFileType = sourcecode.swift; path = ImageGalleryCollectionViewController.swift; sourceTree = "<group>"; };
		AD99A12B217BDB9000A288B4 /* ImageGalleryCollectionViewCell.swift */ = {isa = PBXFileReference; fileEncoding = 4; lastKnownFileType = sourcecode.swift; path = ImageGalleryCollectionViewCell.swift; sourceTree = "<group>"; };
		AD99A12D217BDB9900A288B4 /* Utilities.swift */ = {isa = PBXFileReference; fileEncoding = 4; lastKnownFileType = sourcecode.swift; path = Utilities.swift; sourceTree = "<group>"; };
/* End PBXFileReference section */

/* Begin PBXFrameworksBuildPhase section */
		AD99A108217BD6ED00A288B4 /* Frameworks */ = {
			isa = PBXFrameworksBuildPhase;
			buildActionMask = 2147483647;
			files = (
			);
			runOnlyForDeploymentPostprocessing = 0;
		};
/* End PBXFrameworksBuildPhase section */

/* Begin PBXGroup section */
		AD99A102217BD6ED00A288B4 = {
			isa = PBXGroup;
			children = (
				AD99A10D217BD6ED00A288B4 /* Image Gallery v2 */,
				AD99A10C217BD6ED00A288B4 /* Products */,
			);
			sourceTree = "<group>";
		};
		AD99A10C217BD6ED00A288B4 /* Products */ = {
			isa = PBXGroup;
			children = (
				AD99A10B217BD6ED00A288B4 /* Image Keeper.app */,
			);
			name = Products;
			sourceTree = "<group>";
		};
		AD99A10D217BD6ED00A288B4 /* Image Gallery v2 */ = {
			isa = PBXGroup;
			children = (
				AD99A116217BD6ED00A288B4 /* Main.storyboard */,
				AD377D1424F5CAA300D0B860 /* SecurityOptionsViewController.swift */,
				AD5C24C524F706F700478629 /* EnterPasswordViewController.swift */,
				AD377D1224F47D3000D0B860 /* HelpViewController.swift */,
				AD377D1024F465A700D0B860 /* BlankScreenViewController.swift */,
				AD99A110217BD6ED00A288B4 /* DocumentBrowserViewController.swift */,
				AD99A114217BD6ED00A288B4 /* ImageGalleryDocument.swift */,
				AD377D0E24F346DA00D0B860 /* ImageDocument.swift */,
				AD99A129217BDB8600A288B4 /* ImageGalleryCollectionViewController.swift */,
				AD91B72724F9BB98002449E6 /* RandomImageGalleryCollectionViewController.swift */,
				AD99A12B217BDB9000A288B4 /* ImageGalleryCollectionViewCell.swift */,
				AD99A125217BDB3A00A288B4 /* ImageViewController.swift */,
				AD377D0C24F33E6300D0B860 /* ImageViewController2.swift */,
				AD99A127217BDB7D00A288B4 /* ImageGalleryModel.swift */,
				AD99A12D217BDB9900A288B4 /* Utilities.swift */,
				AD99A11E217BD6F000A288B4 /* Info.plist */,
				AD99A124217BDB0500A288B4 /* Supporting Documents */,
			);
			path = "Image Gallery v2";
			sourceTree = "<group>";
		};
		AD99A124217BDB0500A288B4 /* Supporting Documents */ = {
			isa = PBXGroup;
			children = (
				AD99A10E217BD6ED00A288B4 /* AppDelegate.swift */,
				AD99A119217BD6F000A288B4 /* Assets.xcassets */,
				AD99A11B217BD6F000A288B4 /* LaunchScreen.storyboard */,
			);
			path = "Supporting Documents";
			sourceTree = "<group>";
		};
/* End PBXGroup section */

/* Begin PBXNativeTarget section */
		AD99A10A217BD6ED00A288B4 /* Image Gallery v2 */ = {
			isa = PBXNativeTarget;
			buildConfigurationList = AD99A121217BD6F000A288B4 /* Build configuration list for PBXNativeTarget "Image Gallery v2" */;
			buildPhases = (
				AD99A107217BD6ED00A288B4 /* Sources */,
				AD99A108217BD6ED00A288B4 /* Frameworks */,
				AD99A109217BD6ED00A288B4 /* Resources */,
			);
			buildRules = (
			);
			dependencies = (
			);
			name = "Image Gallery v2";
			productName = "Image Gallery v2";
			productReference = AD99A10B217BD6ED00A288B4 /* Image Keeper.app */;
			productType = "com.apple.product-type.application";
		};
/* End PBXNativeTarget section */

/* Begin PBXProject section */
		AD99A103217BD6ED00A288B4 /* Project object */ = {
			isa = PBXProject;
			attributes = {
				LastSwiftUpdateCheck = 1000;
				LastUpgradeCheck = 1200;
				ORGANIZATIONNAME = SoulfulMachine;
				TargetAttributes = {
					AD99A10A217BD6ED00A288B4 = {
						CreatedOnToolsVersion = 10.0;
						LastSwiftMigration = 1120;
					};
				};
			};
			buildConfigurationList = AD99A106217BD6ED00A288B4 /* Build configuration list for PBXProject "Image Gallery v2" */;
			compatibilityVersion = "Xcode 9.3";
			developmentRegion = en;
			hasScannedForEncodings = 0;
			knownRegions = (
				en,
				Base,
			);
			mainGroup = AD99A102217BD6ED00A288B4;
			productRefGroup = AD99A10C217BD6ED00A288B4 /* Products */;
			projectDirPath = "";
			projectRoot = "";
			targets = (
				AD99A10A217BD6ED00A288B4 /* Image Gallery v2 */,
			);
		};
/* End PBXProject section */

/* Begin PBXResourcesBuildPhase section */
		AD99A109217BD6ED00A288B4 /* Resources */ = {
			isa = PBXResourcesBuildPhase;
			buildActionMask = 2147483647;
			files = (
				AD99A11D217BD6F000A288B4 /* LaunchScreen.storyboard in Resources */,
				AD99A11A217BD6F000A288B4 /* Assets.xcassets in Resources */,
				AD99A118217BD6ED00A288B4 /* Main.storyboard in Resources */,
			);
			runOnlyForDeploymentPostprocessing = 0;
		};
/* End PBXResourcesBuildPhase section */

/* Begin PBXSourcesBuildPhase section */
		AD99A107217BD6ED00A288B4 /* Sources */ = {
			isa = PBXSourcesBuildPhase;
			buildActionMask = 2147483647;
			files = (
				AD377D1124F465A700D0B860 /* BlankScreenViewController.swift in Sources */,
				AD377D1524F5CAA300D0B860 /* SecurityOptionsViewController.swift in Sources */,
				AD99A115217BD6ED00A288B4 /* ImageGalleryDocument.swift in Sources */,
				AD99A111217BD6ED00A288B4 /* DocumentBrowserViewController.swift in Sources */,
				AD99A126217BDB3A00A288B4 /* ImageViewController.swift in Sources */,
				AD99A12A217BDB8600A288B4 /* ImageGalleryCollectionViewController.swift in Sources */,
				AD5C24C624F706F700478629 /* EnterPasswordViewController.swift in Sources */,
				AD99A128217BDB7D00A288B4 /* ImageGalleryModel.swift in Sources */,
				AD99A10F217BD6ED00A288B4 /* AppDelegate.swift in Sources */,
				AD377D0F24F346DA00D0B860 /* ImageDocument.swift in Sources */,
				AD99A12E217BDB9900A288B4 /* Utilities.swift in Sources */,
				AD91B72824F9BB98002449E6 /* RandomImageGalleryCollectionViewController.swift in Sources */,
				AD99A12C217BDB9000A288B4 /* ImageGalleryCollectionViewCell.swift in Sources */,
				AD377D0D24F33E6300D0B860 /* ImageViewController2.swift in Sources */,
				AD377D1324F47D3000D0B860 /* HelpViewController.swift in Sources */,
			);
			runOnlyForDeploymentPostprocessing = 0;
		};
/* End PBXSourcesBuildPhase section */

/* Begin PBXVariantGroup section */
		AD99A116217BD6ED00A288B4 /* Main.storyboard */ = {
			isa = PBXVariantGroup;
			children = (
				AD99A117217BD6ED00A288B4 /* Base */,
			);
			name = Main.storyboard;
			sourceTree = "<group>";
		};
		AD99A11B217BD6F000A288B4 /* LaunchScreen.storyboard */ = {
			isa = PBXVariantGroup;
			children = (
				AD99A11C217BD6F000A288B4 /* Base */,
			);
			name = LaunchScreen.storyboard;
			sourceTree = "<group>";
		};
/* End PBXVariantGroup section */

/* Begin XCBuildConfiguration section */
		AD99A11F217BD6F000A288B4 /* Debug */ = {
			isa = XCBuildConfiguration;
			buildSettings = {
				ALWAYS_SEARCH_USER_PATHS = NO;
				CLANG_ANALYZER_NONNULL = YES;
				CLANG_ANALYZER_NUMBER_OBJECT_CONVERSION = YES_AGGRESSIVE;
				CLANG_CXX_LANGUAGE_STANDARD = "gnu++14";
				CLANG_CXX_LIBRARY = "libc++";
				CLANG_ENABLE_MODULES = YES;
				CLANG_ENABLE_OBJC_ARC = YES;
				CLANG_ENABLE_OBJC_WEAK = YES;
				CLANG_WARN_BLOCK_CAPTURE_AUTORELEASING = YES;
				CLANG_WARN_BOOL_CONVERSION = YES;
				CLANG_WARN_COMMA = YES;
				CLANG_WARN_CONSTANT_CONVERSION = YES;
				CLANG_WARN_DEPRECATED_OBJC_IMPLEMENTATIONS = YES;
				CLANG_WARN_DIRECT_OBJC_ISA_USAGE = YES_ERROR;
				CLANG_WARN_DOCUMENTATION_COMMENTS = YES;
				CLANG_WARN_EMPTY_BODY = YES;
				CLANG_WARN_ENUM_CONVERSION = YES;
				CLANG_WARN_INFINITE_RECURSION = YES;
				CLANG_WARN_INT_CONVERSION = YES;
				CLANG_WARN_NON_LITERAL_NULL_CONVERSION = YES;
				CLANG_WARN_OBJC_IMPLICIT_RETAIN_SELF = YES;
				CLANG_WARN_OBJC_LITERAL_CONVERSION = YES;
				CLANG_WARN_OBJC_ROOT_CLASS = YES_ERROR;
				CLANG_WARN_QUOTED_INCLUDE_IN_FRAMEWORK_HEADER = YES;
				CLANG_WARN_RANGE_LOOP_ANALYSIS = YES;
				CLANG_WARN_STRICT_PROTOTYPES = YES;
				CLANG_WARN_SUSPICIOUS_MOVE = YES;
				CLANG_WARN_UNGUARDED_AVAILABILITY = YES_AGGRESSIVE;
				CLANG_WARN_UNREACHABLE_CODE = YES;
				CLANG_WARN__DUPLICATE_METHOD_MATCH = YES;
				CODE_SIGN_IDENTITY = "Apple Development";
				COPY_PHASE_STRIP = NO;
				DEBUG_INFORMATION_FORMAT = dwarf;
				ENABLE_STRICT_OBJC_MSGSEND = YES;
				ENABLE_TESTABILITY = YES;
				GCC_C_LANGUAGE_STANDARD = gnu11;
				GCC_DYNAMIC_NO_PIC = NO;
				GCC_NO_COMMON_BLOCKS = YES;
				GCC_OPTIMIZATION_LEVEL = 0;
				GCC_PREPROCESSOR_DEFINITIONS = (
					"DEBUG=1",
					"$(inherited)",
				);
				GCC_WARN_64_TO_32_BIT_CONVERSION = YES;
				GCC_WARN_ABOUT_RETURN_TYPE = YES_ERROR;
				GCC_WARN_UNDECLARED_SELECTOR = YES;
				GCC_WARN_UNINITIALIZED_AUTOS = YES_AGGRESSIVE;
				GCC_WARN_UNUSED_FUNCTION = YES;
				GCC_WARN_UNUSED_VARIABLE = YES;
				IPHONEOS_DEPLOYMENT_TARGET = 12.0;
				MTL_ENABLE_DEBUG_INFO = INCLUDE_SOURCE;
				MTL_FAST_MATH = YES;
				ONLY_ACTIVE_ARCH = YES;
				SDKROOT = iphoneos;
				SWIFT_ACTIVE_COMPILATION_CONDITIONS = DEBUG;
				SWIFT_OPTIMIZATION_LEVEL = "-Onone";
			};
			name = Debug;
		};
		AD99A120217BD6F000A288B4 /* Release */ = {
			isa = XCBuildConfiguration;
			buildSettings = {
				ALWAYS_SEARCH_USER_PATHS = NO;
				CLANG_ANALYZER_NONNULL = YES;
				CLANG_ANALYZER_NUMBER_OBJECT_CONVERSION = YES_AGGRESSIVE;
				CLANG_CXX_LANGUAGE_STANDARD = "gnu++14";
				CLANG_CXX_LIBRARY = "libc++";
				CLANG_ENABLE_MODULES = YES;
				CLANG_ENABLE_OBJC_ARC = YES;
				CLANG_ENABLE_OBJC_WEAK = YES;
				CLANG_WARN_BLOCK_CAPTURE_AUTORELEASING = YES;
				CLANG_WARN_BOOL_CONVERSION = YES;
				CLANG_WARN_COMMA = YES;
				CLANG_WARN_CONSTANT_CONVERSION = YES;
				CLANG_WARN_DEPRECATED_OBJC_IMPLEMENTATIONS = YES;
				CLANG_WARN_DIRECT_OBJC_ISA_USAGE = YES_ERROR;
				CLANG_WARN_DOCUMENTATION_COMMENTS = YES;
				CLANG_WARN_EMPTY_BODY = YES;
				CLANG_WARN_ENUM_CONVERSION = YES;
				CLANG_WARN_INFINITE_RECURSION = YES;
				CLANG_WARN_INT_CONVERSION = YES;
				CLANG_WARN_NON_LITERAL_NULL_CONVERSION = YES;
				CLANG_WARN_OBJC_IMPLICIT_RETAIN_SELF = YES;
				CLANG_WARN_OBJC_LITERAL_CONVERSION = YES;
				CLANG_WARN_OBJC_ROOT_CLASS = YES_ERROR;
				CLANG_WARN_QUOTED_INCLUDE_IN_FRAMEWORK_HEADER = YES;
				CLANG_WARN_RANGE_LOOP_ANALYSIS = YES;
				CLANG_WARN_STRICT_PROTOTYPES = YES;
				CLANG_WARN_SUSPICIOUS_MOVE = YES;
				CLANG_WARN_UNGUARDED_AVAILABILITY = YES_AGGRESSIVE;
				CLANG_WARN_UNREACHABLE_CODE = YES;
				CLANG_WARN__DUPLICATE_METHOD_MATCH = YES;
				CODE_SIGN_IDENTITY = "Apple Development";
				COPY_PHASE_STRIP = NO;
				DEBUG_INFORMATION_FORMAT = "dwarf-with-dsym";
				ENABLE_NS_ASSERTIONS = NO;
				ENABLE_STRICT_OBJC_MSGSEND = YES;
				GCC_C_LANGUAGE_STANDARD = gnu11;
				GCC_NO_COMMON_BLOCKS = YES;
				GCC_WARN_64_TO_32_BIT_CONVERSION = YES;
				GCC_WARN_ABOUT_RETURN_TYPE = YES_ERROR;
				GCC_WARN_UNDECLARED_SELECTOR = YES;
				GCC_WARN_UNINITIALIZED_AUTOS = YES_AGGRESSIVE;
				GCC_WARN_UNUSED_FUNCTION = YES;
				GCC_WARN_UNUSED_VARIABLE = YES;
				IPHONEOS_DEPLOYMENT_TARGET = 12.0;
				MTL_ENABLE_DEBUG_INFO = NO;
				MTL_FAST_MATH = YES;
				SDKROOT = iphoneos;
				SWIFT_COMPILATION_MODE = wholemodule;
				SWIFT_OPTIMIZATION_LEVEL = "-O";
				VALIDATE_PRODUCT = YES;
			};
			name = Release;
		};
		AD99A122217BD6F000A288B4 /* Debug */ = {
			isa = XCBuildConfiguration;
			buildSettings = {
				ASSETCATALOG_COMPILER_APPICON_NAME = AppIcon;
				CODE_SIGN_STYLE = Automatic;
				CURRENT_PROJECT_VERSION = 2;
				DEVELOPMENT_TEAM = C63R5PEP3C;
				INFOPLIST_FILE = "Image Gallery v2/Info.plist";
				IPHONEOS_DEPLOYMENT_TARGET = 12.0;
				LD_RUNPATH_SEARCH_PATHS = (
					"$(inherited)",
					"@executable_path/Frameworks",
				);
				PRODUCT_BUNDLE_IDENTIFIER = "com.soulfulmachine.Image-Gallery-v2";
				PRODUCT_NAME = "Image Keeper";
				SWIFT_VERSION = 5.0;
				TARGETED_DEVICE_FAMILY = "1,2";
			};
			name = Debug;
		};
		AD99A123217BD6F000A288B4 /* Release */ = {
			isa = XCBuildConfiguration;
			buildSettings = {
				ASSETCATALOG_COMPILER_APPICON_NAME = AppIcon;
				CODE_SIGN_STYLE = Automatic;
				CURRENT_PROJECT_VERSION = 2;
				DEVELOPMENT_TEAM = C63R5PEP3C;
				INFOPLIST_FILE = "Image Gallery v2/Info.plist";
				IPHONEOS_DEPLOYMENT_TARGET = 12.0;
				LD_RUNPATH_SEARCH_PATHS = (
					"$(inherited)",
					"@executable_path/Frameworks",
				);
				PRODUCT_BUNDLE_IDENTIFIER = "com.soulfulmachine.Image-Gallery-v2";
				PRODUCT_NAME = "Image Keeper";
				SWIFT_VERSION = 5.0;
				TARGETED_DEVICE_FAMILY = "1,2";
			};
			name = Release;
		};
/* End XCBuildConfiguration section */

/* Begin XCConfigurationList section */
		AD99A106217BD6ED00A288B4 /* Build configuration list for PBXProject "Image Gallery v2" */ = {
			isa = XCConfigurationList;
			buildConfigurations = (
				AD99A11F217BD6F000A288B4 /* Debug */,
				AD99A120217BD6F000A288B4 /* Release */,
			);
			defaultConfigurationIsVisible = 0;
			defaultConfigurationName = Release;
		};
		AD99A121217BD6F000A288B4 /* Build configuration list for PBXNativeTarget "Image Gallery v2" */ = {
			isa = XCConfigurationList;
			buildConfigurations = (
				AD99A122217BD6F000A288B4 /* Debug */,
				AD99A123217BD6F000A288B4 /* Release */,
			);
			defaultConfigurationIsVisible = 0;
			defaultConfigurationName = Release;
		};
/* End XCConfigurationList section */
	};
	rootObject = AD99A103217BD6ED00A288B4 /* Project object */;
}
